
Microsoft Visual Studio Solution File, Format Version 12.00
# Visual Studio Version 17
VisualStudioVersion = 17.6.33712.159
MinimumVisualStudioVersion = 10.0.40219.1
Project("{9A19103F-16F7-4668-BE54-9A1E7A4F7556}") = "MyWebAPITest", "MyWebAPITest\MyWebAPITest.csproj", "{99E325F5-15AA-47C1-A784-029CC7353522}"
EndProject
Global
	GlobalSection(SolutionConfigurationPlatforms) = preSolution
		Debug|Any CPU = Debug|Any CPU
		Release|Any CPU = Release|Any CPU
	EndGlobalSection
	GlobalSection(ProjectConfigurationPlatforms) = postSolution
		{99E325F5-15AA-47C1-A784-029CC7353522}.Debug|Any CPU.ActiveCfg = Debug|Any CPU
		{99E325F5-15AA-47C1-A784-029CC7353522}.Debug|Any CPU.Build.0 = Debug|Any CPU
		{99E325F5-15AA-47C1-A784-029CC7353522}.Release|Any CPU.ActiveCfg = Release|Any CPU
		{99E325F5-15AA-47C1-A784-029CC7353522}.Release|Any CPU.Build.0 = Release|Any CPU
	EndGlobalSection
	GlobalSection(SolutionProperties) = preSolution
		HideSolutionNode = FALSE
	EndGlobalSection
	GlobalSection(ExtensibilityGlobals) = postSolution
		SolutionGuid = {3AA729A5-363A-4329-A6F7-F9CAE901C82C}
	EndGlobalSection
EndGlobal
